
Microsoft Visual Studio Solution File, Format Version 12.00
# Visual Studio Version 16
VisualStudioVersion = 16.0.29613.14
MinimumVisualStudioVersion = 10.0.40219.1
Project("{FAE04EC0-301F-11D3-BF4B-00C04F79EFBC}") = "Projeto-teste", "Projeto-teste\Projeto-teste.csproj", "{6BF2C2B6-7AAB-41B0-97D0-BBA88699E81F}"
EndProject
Global
	GlobalSection(SolutionConfigurationPlatforms) = preSolution
		Debug|Any CPU = Debug|Any CPU
		Release|Any CPU = Release|Any CPU
	EndGlobalSection
	GlobalSection(ProjectConfigurationPlatforms) = postSolution
		{6BF2C2B6-7AAB-41B0-97D0-BBA88699E81F}.Debug|Any CPU.ActiveCfg = Debug|Any CPU
		{6BF2C2B6-7AAB-41B0-97D0-BBA88699E81F}.Debug|Any CPU.Build.0 = Debug|Any CPU
		{6BF2C2B6-7AAB-41B0-97D0-BBA88699E81F}.Release|Any CPU.ActiveCfg = Release|Any CPU
		{6BF2C2B6-7AAB-41B0-97D0-BBA88699E81F}.Release|Any CPU.Build.0 = Release|Any CPU
	EndGlobalSection
	GlobalSection(SolutionProperties) = preSolution
		HideSolutionNode = FALSE
	EndGlobalSection
	GlobalSection(ExtensibilityGlobals) = postSolution
		SolutionGuid = {EC83455A-1A79-4809-9E22-C5220A674428}
	EndGlobalSection
EndGlobal
